
Microsoft Visual Studio Solution File, Format Version 12.00
# Visual Studio Version 17
VisualStudioVersion = 17.5.002.0
MinimumVisualStudioVersion = 10.0.40219.1
Project("{9A19103F-16F7-4668-BE54-9A1E7A4F7556}") = "SaveIpApi", "src\SaveIpApi.csproj", "{D22267AF-3594-4379-AC9C-8EDDB6BB8A6C}"
EndProject
Project("{E53339B2-1760-4266-BCC7-CA923CBCF16C}") = "docker-compose", "docker-compose.dcproj", "{8E257737-4965-4D36-9545-6B990EA76562}"
EndProject
Project("{2150E333-8FDC-42A3-9474-1A3956D46DE8}") = "Solution Items", "Solution Items", "{D424407F-85DA-487E-B37C-E3F49BA80688}"
	ProjectSection(SolutionItems) = preProject
		README.md = README.md
	EndProjectSection
EndProject
Global
	GlobalSection(SolutionConfigurationPlatforms) = preSolution
		Debug|Any CPU = Debug|Any CPU
		Release|Any CPU = Release|Any CPU
	EndGlobalSection
	GlobalSection(ProjectConfigurationPlatforms) = postSolution
		{D22267AF-3594-4379-AC9C-8EDDB6BB8A6C}.Debug|Any CPU.ActiveCfg = Debug|Any CPU
		{D22267AF-3594-4379-AC9C-8EDDB6BB8A6C}.Debug|Any CPU.Build.0 = Debug|Any CPU
		{D22267AF-3594-4379-AC9C-8EDDB6BB8A6C}.Release|Any CPU.ActiveCfg = Release|Any CPU
		{D22267AF-3594-4379-AC9C-8EDDB6BB8A6C}.Release|Any CPU.Build.0 = Release|Any CPU
		{8E257737-4965-4D36-9545-6B990EA76562}.Debug|Any CPU.ActiveCfg = Debug|Any CPU
		{8E257737-4965-4D36-9545-6B990EA76562}.Debug|Any CPU.Build.0 = Debug|Any CPU
		{8E257737-4965-4D36-9545-6B990EA76562}.Release|Any CPU.ActiveCfg = Release|Any CPU
		{8E257737-4965-4D36-9545-6B990EA76562}.Release|Any CPU.Build.0 = Release|Any CPU
	EndGlobalSection
	GlobalSection(SolutionProperties) = preSolution
		HideSolutionNode = FALSE
	EndGlobalSection
	GlobalSection(ExtensibilityGlobals) = postSolution
		SolutionGuid = {29937A8D-298C-4440-A475-8D9F95462B17}
	EndGlobalSection
EndGlobal
